
Microsoft Visual Studio Solution File, Format Version 12.00
# Visual Studio Version 18
VisualStudioVersion = 18.1.11312.151
MinimumVisualStudioVersion = 10.0.40219.1
Project("{8BC9CEB8-8B4A-11D0-8D11-00A0C91BC942}") = "WOtech2", "WOtech2.vcxproj", "{FC9025EE-F5C5-465D-8CCC-9ADBD5175256}"
EndProject
Project("{8BC9CEB8-8B4A-11D0-8D11-00A0C91BC942}") = "WOtech2Tests", "WOtech2Tests.vcxproj", "{C4E8A1B2-7D33-4F10-9A55-0E6B2C91D4A7}"
EndProject
Project("{8BC9CEB8-8B4A-11D0-8D11-00A0C91BC942}") = "box3d", "box3d.vcxproj", "{B3D0A11E-4C2F-4A91-9E10-77C0B3D20001}"
EndProject
Project("{8BC9CEB8-8B4A-11D0-8D11-00A0C91BC942}") = "lua54", "lua54.vcxproj", "{10A54C11-6E20-4B77-8D01-AA54C0DE0002}"
EndProject
Project("{8BC9CEB8-8B4A-11D0-8D11-00A0C91BC942}") = "WOtech2Editor", "WOtech2Editor.vcxproj", "{E0D17012-1111-4A20-9C30-ED1702000001}"
EndProject
Project("{8BC9CEB8-8B4A-11D0-8D11-00A0C91BC942}") = "WOtech2Runtime", "WOtech2Runtime.vcxproj", "{A0D17012-2222-4A20-9C30-ED1702000002}"
EndProject
Global
	GlobalSection(SolutionConfigurationPlatforms) = preSolution
		Debug|x64 = Debug|x64
		Release|x64 = Release|x64
	EndGlobalSection
	GlobalSection(ProjectConfigurationPlatforms) = postSolution
		{FC9025EE-F5C5-465D-8CCC-9ADBD5175256}.Debug|x64.ActiveCfg = Debug|x64
		{FC9025EE-F5C5-465D-8CCC-9ADBD5175256}.Debug|x64.Build.0 = Debug|x64
		{FC9025EE-F5C5-465D-8CCC-9ADBD5175256}.Release|x64.ActiveCfg = Release|x64
		{FC9025EE-F5C5-465D-8CCC-9ADBD5175256}.Release|x64.Build.0 = Release|x64
		{C4E8A1B2-7D33-4F10-9A55-0E6B2C91D4A7}.Debug|x64.ActiveCfg = Debug|x64
		{C4E8A1B2-7D33-4F10-9A55-0E6B2C91D4A7}.Debug|x64.Build.0 = Debug|x64
		{C4E8A1B2-7D33-4F10-9A55-0E6B2C91D4A7}.Release|x64.ActiveCfg = Release|x64
		{C4E8A1B2-7D33-4F10-9A55-0E6B2C91D4A7}.Release|x64.Build.0 = Release|x64
		{B3D0A11E-4C2F-4A91-9E10-77C0B3D20001}.Debug|x64.ActiveCfg = Debug|x64
		{B3D0A11E-4C2F-4A91-9E10-77C0B3D20001}.Debug|x64.Build.0 = Debug|x64
		{B3D0A11E-4C2F-4A91-9E10-77C0B3D20001}.Release|x64.ActiveCfg = Release|x64
		{B3D0A11E-4C2F-4A91-9E10-77C0B3D20001}.Release|x64.Build.0 = Release|x64
		{10A54C11-6E20-4B77-8D01-AA54C0DE0002}.Debug|x64.ActiveCfg = Debug|x64
		{10A54C11-6E20-4B77-8D01-AA54C0DE0002}.Debug|x64.Build.0 = Debug|x64
		{10A54C11-6E20-4B77-8D01-AA54C0DE0002}.Release|x64.ActiveCfg = Release|x64
		{10A54C11-6E20-4B77-8D01-AA54C0DE0002}.Release|x64.Build.0 = Release|x64
		{E0D17012-1111-4A20-9C30-ED1702000001}.Debug|x64.ActiveCfg = Debug|x64
		{E0D17012-1111-4A20-9C30-ED1702000001}.Debug|x64.Build.0 = Debug|x64
		{E0D17012-1111-4A20-9C30-ED1702000001}.Release|x64.ActiveCfg = Release|x64
		{E0D17012-1111-4A20-9C30-ED1702000001}.Release|x64.Build.0 = Release|x64
		{A0D17012-2222-4A20-9C30-ED1702000002}.Debug|x64.ActiveCfg = Debug|x64
		{A0D17012-2222-4A20-9C30-ED1702000002}.Debug|x64.Build.0 = Debug|x64
		{A0D17012-2222-4A20-9C30-ED1702000002}.Release|x64.ActiveCfg = Release|x64
		{A0D17012-2222-4A20-9C30-ED1702000002}.Release|x64.Build.0 = Release|x64
	EndGlobalSection
	GlobalSection(SolutionProperties) = preSolution
		HideSolutionNode = FALSE
	EndGlobalSection
	GlobalSection(ExtensibilityGlobals) = postSolution
		SolutionGuid = {AE59B08E-5CFF-4351-95A1-DBEF8716A7F0}
	EndGlobalSection
EndGlobal
